
Microsoft Visual Studio Solution File, Format Version 12.00
# Visual Studio Version 16
VisualStudioVersion = 16.0.32106.194
MinimumVisualStudioVersion = 10.0.40219.1
Project("{FAE04EC0-301F-11D3-BF4B-00C04F79EFBC}") = "Prac3", "Prac3\Prac3.csproj", "{7D098186-3401-4B18-9134-B06A4690E474}"
EndProject
Global
	GlobalSection(SolutionConfigurationPlatforms) = preSolution
		Debug|Any CPU = Debug|Any CPU
		Release|Any CPU = Release|Any CPU
	EndGlobalSection
	GlobalSection(ProjectConfigurationPlatforms) = postSolution
		{7D098186-3401-4B18-9134-B06A4690E474}.Debug|Any CPU.ActiveCfg = Debug|Any CPU
		{7D098186-3401-4B18-9134-B06A4690E474}.Debug|Any CPU.Build.0 = Debug|Any CPU
		{7D098186-3401-4B18-9134-B06A4690E474}.Release|Any CPU.ActiveCfg = Release|Any CPU
		{7D098186-3401-4B18-9134-B06A4690E474}.Release|Any CPU.Build.0 = Release|Any CPU
	EndGlobalSection
	GlobalSection(SolutionProperties) = preSolution
		HideSolutionNode = FALSE
	EndGlobalSection
	GlobalSection(ExtensibilityGlobals) = postSolution
		SolutionGuid = {437D2245-2C88-45CE-B22F-3D9AA2428EC3}
	EndGlobalSection
EndGlobal
